
Microsoft Visual Studio Solution File, Format Version 12.00
# Visual Studio Version 16
VisualStudioVersion = 16.0.29519.87
MinimumVisualStudioVersion = 10.0.40219.1
Project("{FAE04EC0-301F-11D3-BF4B-00C04F79EFBC}") = "ProjectEuler", "ProjectEuler\ProjectEuler.csproj", "{303D440C-9FB7-47C7-8541-AFC2274D45F4}"
EndProject
Global
	GlobalSection(SolutionConfigurationPlatforms) = preSolution
		Debug|Any CPU = Debug|Any CPU
		Release|Any CPU = Release|Any CPU
	EndGlobalSection
	GlobalSection(ProjectConfigurationPlatforms) = postSolution
		{303D440C-9FB7-47C7-8541-AFC2274D45F4}.Debug|Any CPU.ActiveCfg = Debug|Any CPU
		{303D440C-9FB7-47C7-8541-AFC2274D45F4}.Debug|Any CPU.Build.0 = Debug|Any CPU
		{303D440C-9FB7-47C7-8541-AFC2274D45F4}.Release|Any CPU.ActiveCfg = Release|Any CPU
		{303D440C-9FB7-47C7-8541-AFC2274D45F4}.Release|Any CPU.Build.0 = Release|Any CPU
	EndGlobalSection
	GlobalSection(SolutionProperties) = preSolution
		HideSolutionNode = FALSE
	EndGlobalSection
	GlobalSection(ExtensibilityGlobals) = postSolution
		SolutionGuid = {CFFF1EA2-EF65-434C-8F1F-7A76F6FFC3D0}
	EndGlobalSection
EndGlobal
